<?xml version="1.0" encoding="utf-8"?>
<Project ToolsVersion="4.0" xmlns="http://schemas.microsoft.com/developer/msbuild/2003">
  <ItemGroup>
    <Filter Include="Source Files">
      <UniqueIdentifier>{4FC737F1-C7A5-4376-A066-2A32D752A2FF}</UniqueIdentifier>
      <Extensions>cpp;c;cc;cxx;c++;cppm;ixx;def;odl;idl;hpj;bat;asm;asmx</Extensions>
    </Filter>
    <Filter Include="Header Files">
      <UniqueIdentifier>{93995380-89BD-4b04-88EB-625FBE52EBFB}</UniqueIdentifier>
      <Extensions>h;hh;hpp;hxx;h++;hm;inl;inc;ipp;xsd</Extensions>
    </Filter>
    <Filter Include="Resource Files">
      <UniqueIdentifier>{67DA6AB6-F800-4c08-8B7A-83BB121AAD01}</UniqueIdentifier>
      <Extensions>rc;ico;cur;bmp;dlg;rc2;rct;bin;rgs;gif;jpg;jpeg;jpe;resx;tiff;tif;png;wav;mfcribbon-ms</Extensions>
    </Filter>
  </ItemGroup>
  <ItemGroup>
    <ClInclude Include="MuninGraph.h">
      <Filter>Header Files</Filter>
    </ClInclude>
    <ClInclude Include="MuninGraph.pch.h">
      <Filter>Header Files</Filter>
    </ClInclude>
    <ClInclude Include="ScriptGraph\ScriptGraphPin.h">
      <Filter>Header Files</Filter>
    </ClInclude>
    <ClInclude Include="Graph\NodeGraphNode.h">
      <Filter>Header Files</Filter>
    </ClInclude>
    <ClInclude Include="Graph\GlobalUID.h">
      <Filter>Header Files</Filter>
    </ClInclude>
    <ClInclude Include="ScriptGraph\ScriptGraph.h">
      <Filter>Header Files</Filter>
    </ClInclude>
    <ClInclude Include="ScriptGraph\ScriptGraphTypes.h">
      <Filter>Header Files</Filter>
    </ClInclude>
    <ClInclude Include="Graph\NodeGraph.h">
      <Filter>Header Files</Filter>
    </ClInclude>
    <ClInclude Include="Graph\NodeGraphSchema.h">
      <Filter>Header Files</Filter>
    </ClInclude>
    <ClInclude Include="ScriptGraph\ScriptGraphSchema.h">
      <Filter>Header Files</Filter>
    </ClInclude>
    <ClInclude Include="ScriptGraph\ScriptGraphNode.h">
      <Filter>Header Files</Filter>
    </ClInclude>
    <ClInclude Include="Graph\NodeGraphPin.h">
      <Filter>Header Files</Filter>
    </ClInclude>
    <ClInclude Include="Graph\NodeGraphEdge.h">
      <Filter>Header Files</Filter>
    </ClInclude>
    <ClInclude Include="MuninScriptGraph.h">
      <Filter>Header Files</Filter>
    </ClInclude>
    <ClInclude Include="ScriptGraph\ScriptGraphVariable.h">
      <Filter>Header Files</Filter>
    </ClInclude>
    <ClInclude Include="ScriptGraph\Nodes\SGNode_Variable.h">
      <Filter>Header Files</Filter>
    </ClInclude>
    <ClInclude Include="ScriptGraph\Nodes\Math\SGNode_MathOps.h">
      <Filter>Header Files</Filter>
    </ClInclude>
    <ClInclude Include="ScriptGraph\Nodes\Events\SGNode_EventBeginPlay.h">
      <Filter>Header Files</Filter>
    </ClInclude>
    <ClInclude Include="ScriptGraph\ScriptGraphDataObject.h">
      <Filter>Header Files</Filter>
    </ClInclude>
    <ClInclude Include="ScriptGraph\Nodes\Events\SGNode_EventTick.h">
      <Filter>Header Files</Filter>
    </ClInclude>
    <ClInclude Include="ScriptGraph\Nodes\SGNode_DebugText.h">
      <Filter>Header Files</Filter>
    </ClInclude>
    <ClInclude Include="ScriptGraph\Nodes\SGNode_FloatToString.h">
      <Filter>Header Files</Filter>
    </ClInclude>
    <ClInclude Include="ScriptGraph\Types\RegisterScriptGraphTypes.h">
      <Filter>Header Files</Filter>
    </ClInclude>
    <ClInclude Include="ScriptGraph\Nodes\Events\SGNode_EventBase.h">
      <Filter>Header Files</Filter>
    </ClInclude>
    <ClInclude Include="Graph\GraphColor.h">
      <Filter>Header Files</Filter>
    </ClInclude>
    <ClInclude Include="MuninBehaviorGraph.h">
      <Filter>Header Files</Filter>
    </ClInclude>
    <ClInclude Include="Graph\GraphTypes.h">
      <Filter>Header Files</Filter>
    </ClInclude>
    <ClInclude Include="ScriptGraph\Nodes\RegisterScriptGraphNodes.h">
      <Filter>Header Files</Filter>
    </ClInclude>
    <ClInclude Include="ScriptGraph\Nodes\SGnode_Timer.h">
      <Filter>Header Files</Filter>
    </ClInclude>
    <ClInclude Include="ScriptGraph\Nodes\SGNode_IntToString.h">
      <Filter>Header Files</Filter>
    </ClInclude>
    <ClInclude Include="ScriptGraph\Nodes\SGNode_Branch.h">
      <Filter>Header Files</Filter>
    </ClInclude>
  </ItemGroup>
  <ItemGroup>
    <ClCompile Include="MuninGraph.pch.cpp">
      <Filter>Source Files</Filter>
    </ClCompile>
    <ClCompile Include="ScriptGraph\ScriptGraphPin.cpp">
      <Filter>Source Files</Filter>
    </ClCompile>
    <ClCompile Include="Graph\NodeGraphNode.cpp">
      <Filter>Source Files</Filter>
    </ClCompile>
    <ClCompile Include="Graph\GlobalUID.cpp">
      <Filter>Source Files</Filter>
    </ClCompile>
    <ClCompile Include="ScriptGraph\ScriptGraph.cpp">
      <Filter>Source Files</Filter>
    </ClCompile>
    <ClCompile Include="Graph\NodeGraph.cpp">
      <Filter>Source Files</Filter>
    </ClCompile>
    <ClCompile Include="Graph\NodeGraphSchema.cpp">
      <Filter>Source Files</Filter>
    </ClCompile>
    <ClCompile Include="ScriptGraph\ScriptGraphSchema.cpp">
      <Filter>Source Files</Filter>
    </ClCompile>
    <ClCompile Include="ScriptGraph\ScriptGraphNode.cpp">
      <Filter>Source Files</Filter>
    </ClCompile>
    <ClCompile Include="Graph\NodeGraphPin.cpp">
      <Filter>Source Files</Filter>
    </ClCompile>
    <ClCompile Include="Graph\NodeGraphEdge.cpp">
      <Filter>Source Files</Filter>
    </ClCompile>
    <ClCompile Include="ScriptGraph\ScriptGraphVariable.cpp">
      <Filter>Source Files</Filter>
    </ClCompile>
    <ClCompile Include="ScriptGraph\Nodes\SGNode_Variable.cpp">
      <Filter>Source Files</Filter>
    </ClCompile>
    <ClCompile Include="ScriptGraph\Nodes\Math\SGNode_MathOps.cpp">
      <Filter>Source Files</Filter>
    </ClCompile>
    <ClCompile Include="ScriptGraph\Nodes\Events\SGNode_EventBeginPlay.cpp">
      <Filter>Source Files</Filter>
    </ClCompile>
    <ClCompile Include="ScriptGraph\ScriptGraphTypes.cpp">
      <Filter>Source Files</Filter>
    </ClCompile>
    <ClCompile Include="ScriptGraph\ScriptGraphDataObject.cpp">
      <Filter>Source Files</Filter>
    </ClCompile>
    <ClCompile Include="ScriptGraph\Nodes\Events\SGNode_EventTick.cpp">
      <Filter>Source Files</Filter>
    </ClCompile>
    <ClCompile Include="ScriptGraph\Nodes\SGNode_DebugText.cpp">
      <Filter>Source Files</Filter>
    </ClCompile>
    <ClCompile Include="ScriptGraph\Nodes\SGNode_FloatToString.cpp">
      <Filter>Source Files</Filter>
    </ClCompile>
    <ClCompile Include="ScriptGraph\Nodes\Events\SGNode_EventBase.cpp">
      <Filter>Source Files</Filter>
    </ClCompile>
    <ClCompile Include="Graph\GraphColor.cpp">
      <Filter>Source Files</Filter>
    </ClCompile>
    <ClCompile Include="MuninGraph.cpp">
      <Filter>Source Files</Filter>
    </ClCompile>
    <ClCompile Include="MuninScriptGraph.cpp">
      <Filter>Source Files</Filter>
    </ClCompile>
    <ClCompile Include="ScriptGraph\Nodes\SGnode_Timer.cpp">
      <Filter>Source Files</Filter>
    </ClCompile>
    <ClCompile Include="ScriptGraph\Nodes\SGNode_IntToString.cpp">
      <Filter>Source Files</Filter>
    </ClCompile>
    <ClCompile Include="ScriptGraph\Nodes\SGNode_Branch.cpp">
      <Filter>Source Files</Filter>
    </ClCompile>
  </ItemGroup>
  <ItemGroup>
    <None Include="cpp.hint" />
  </ItemGroup>
</Project>